
Microsoft Visual Studio Solution File, Format Version 12.00
# Visual Studio Version 16
VisualStudioVersion = 16.0.29209.62
MinimumVisualStudioVersion = 10.0.40219.1
Project("{FAE04EC0-301F-11D3-BF4B-00C04F79EFBC}") = "RecapProject1", "RecapProject1\RecapProject1.csproj", "{E9D842C5-D9DD-4CCB-A72A-8E4190A489EE}"
EndProject
Global
	GlobalSection(SolutionConfigurationPlatforms) = preSolution
		Debug|Any CPU = Debug|Any CPU
		Release|Any CPU = Release|Any CPU
	EndGlobalSection
	GlobalSection(ProjectConfigurationPlatforms) = postSolution
		{E9D842C5-D9DD-4CCB-A72A-8E4190A489EE}.Debug|Any CPU.ActiveCfg = Debug|Any CPU
		{E9D842C5-D9DD-4CCB-A72A-8E4190A489EE}.Debug|Any CPU.Build.0 = Debug|Any CPU
		{E9D842C5-D9DD-4CCB-A72A-8E4190A489EE}.Release|Any CPU.ActiveCfg = Release|Any CPU
		{E9D842C5-D9DD-4CCB-A72A-8E4190A489EE}.Release|Any CPU.Build.0 = Release|Any CPU
	EndGlobalSection
	GlobalSection(SolutionProperties) = preSolution
		HideSolutionNode = FALSE
	EndGlobalSection
	GlobalSection(ExtensibilityGlobals) = postSolution
		SolutionGuid = {39712DA4-2D3F-4959-B426-BA4C21B3B1E0}
	EndGlobalSection
EndGlobal
